
Microsoft Visual Studio Solution File, Format Version 12.00
# Visual Studio 14
VisualStudioVersion = 14.0.24720.0
MinimumVisualStudioVersion = 10.0.40219.1
Project("{FAE04EC0-301F-11D3-BF4B-00C04F79EFBC}") = "MyDynamicXmlBuilder", "MyDynamicXmlBuilder\MyDynamicXmlBuilder.csproj", "{B70A8370-FC53-4318-BBAA-D3DF1488E4A3}"
EndProject
Project("{FAE04EC0-301F-11D3-BF4B-00C04F79EFBC}") = "MyDynamicXmlBuilder.Example", "MyDynamicXmlBuilder.Example\MyDynamicXmlBuilder.Example.csproj", "{49F10D5F-E5A1-4A70-9503-A7CF89B077CF}"
EndProject
Global
	GlobalSection(SolutionConfigurationPlatforms) = preSolution
		Debug|Any CPU = Debug|Any CPU
		Release|Any CPU = Release|Any CPU
	EndGlobalSection
	GlobalSection(ProjectConfigurationPlatforms) = postSolution
		{B70A8370-FC53-4318-BBAA-D3DF1488E4A3}.Debug|Any CPU.ActiveCfg = Debug|Any CPU
		{B70A8370-FC53-4318-BBAA-D3DF1488E4A3}.Debug|Any CPU.Build.0 = Debug|Any CPU
		{B70A8370-FC53-4318-BBAA-D3DF1488E4A3}.Release|Any CPU.ActiveCfg = Release|Any CPU
		{B70A8370-FC53-4318-BBAA-D3DF1488E4A3}.Release|Any CPU.Build.0 = Release|Any CPU
		{49F10D5F-E5A1-4A70-9503-A7CF89B077CF}.Debug|Any CPU.ActiveCfg = Debug|Any CPU
		{49F10D5F-E5A1-4A70-9503-A7CF89B077CF}.Debug|Any CPU.Build.0 = Debug|Any CPU
		{49F10D5F-E5A1-4A70-9503-A7CF89B077CF}.Release|Any CPU.ActiveCfg = Release|Any CPU
		{49F10D5F-E5A1-4A70-9503-A7CF89B077CF}.Release|Any CPU.Build.0 = Release|Any CPU
	EndGlobalSection
	GlobalSection(SolutionProperties) = preSolution
		HideSolutionNode = FALSE
	EndGlobalSection
EndGlobal
